
Microsoft Visual Studio Solution File, Format Version 12.00
# Visual Studio Version 16
VisualStudioVersion = 16.0.810.20
MinimumVisualStudioVersion = 10.0.40219.1
Project("{8BC9CEB9-8B4A-11D0-8D11-00A0C91BC942}") = "PeacefulPie", "PeacefulPie.dll", "{07E2DC37-DCF6-4129-A026-8641C196D7B7}"
EndProject
Global
	GlobalSection(SolutionConfigurationPlatforms) = preSolution
		Default|Any CPU = Default|Any CPU
	EndGlobalSection
	GlobalSection(ProjectConfigurationPlatforms) = postSolution
		{07E2DC37-DCF6-4129-A026-8641C196D7B7}.Default|Any CPU.ActiveCfg = Default|Any CPU
		{07E2DC37-DCF6-4129-A026-8641C196D7B7}.Default|Any CPU.Build.0 = Default|Any CPU
	EndGlobalSection
	GlobalSection(SolutionProperties) = preSolution
		HideSolutionNode = FALSE
	EndGlobalSection
	GlobalSection(ExtensibilityGlobals) = postSolution
		SolutionGuid = {10D41A8E-43C4-42F1-ADF9-EE49F5DCF352}
	EndGlobalSection
EndGlobal
